{
  "version": 4,
  "terraform_version": "1.4.6",
  "serial": 102,
  "lineage": "29235436-9f43-fd02-f11e-f6a2b2cf2612",
  "outputs": {
    "access_key": {
      "value": "YCAJED3ukYzhFyeleUi_TFS64",
      "type": "string",
      "sensitive": true
    },
    "secret_key": {
      "value": "YCOkhv5tQMXTWkjTUmHVxu2VEoPNklNiOFCg3ngX",
      "type": "string",
      "sensitive": true
    }
  },
  "resources": [
    {
      "mode": "managed",
      "type": "yandex_compute_instance",
      "name": "vm-debian",
      "provider": "provider[\"registry.terraform.io/yandex-cloud/yandex\"]",
      "instances": [
        {
          "schema_version": 1,
          "attributes": {
            "allow_stopping_for_update": true,
            "boot_disk": [
              {
                "auto_delete": true,
                "device_name": "fhm5evk9016passefn4c",
                "disk_id": "fhm5evk9016passefn4c",
                "initialize_params": [
                  {
                    "block_size": 4096,
                    "description": "",
                    "image_id": "fd836i84upn7i2rsjvu2",
                    "name": "",
                    "size": 10,
                    "snapshot_id": "",
                    "type": "network-hdd"
                  }
                ],
                "mode": "READ_WRITE"
              }
            ],
            "created_at": "2023-06-02T05:29:08Z",
            "description": "",
            "folder_id": "b1gppd4nkf0vv6ldlbod",
            "fqdn": "fhmq6tk3c8bkdgge5go5.auto.internal",
            "hostname": "fhmq6tk3c8bkdgge5go5",
            "id": "fhmq6tk3c8bkdgge5go5",
            "labels": null,
            "metadata": {
              "user-data": "#cloud-config\nusers:\n  - name: test\n    groups: sudo\n    shell: /bin/bash\n    sudo: ['ALL=(ALL) NOPASSWD:ALL']\n    ssh-authorized-keys:\n      - ssh-rsa AAAAB3NzaC1yc2EAAAADAQABAAABgQDsD+pLXYFThWnzn4MiTTQ24g/mpwPwvPpvnoH3pKYwWpil7B7uqSFok1zsQj4IDqrZHjM7ymt6E3Dh/6Y4X9a4ueOCOLDtspVy/cwoKnDt04cIAcHLrnxbfhzDv0utLAF3hUIHZBBJjIsWX1cZrhZPLSSYsaKNs/A25jG/o+kiObNGScYLiOcG09gclDy8wQ/GiZOGYMgHTeLoVW/PdvkfnMytslCe1Bzw/r1h9LVPC1z2n4C1Lv1AQ5RFOK3TXLqQIOHuojk44+1+wO2bfkYQGUvOgja/96bZyAEBA/aA9oLLAYUXZusToJ4AwUe8Jm2cmpd+r/pPO3WpLHYKcaC0fxNuNpaOvHyXwz6iuGLMe+/tYL6YImH+g1pPevfrWHXJEmlRYwRfrjtRCVzjqbtx3NQvDj6eH9+Vj9QuoHqlzuRQG69fCwNYtFpCE4/Wdr67d3YaIVN+tSxRwX3LIfPvB9Eyw+V+nUH6o1ORgSYqT6Yw0hVtR5LCGYmHUKwTm0k=\n"
            },
            "name": "terraform-debian",
            "network_acceleration_type": "standard",
            "network_interface": [
              {
                "dns_record": [],
                "index": 0,
                "ip_address": "192.168.15.28",
                "ipv4": true,
                "ipv6": false,
                "ipv6_address": "",
                "ipv6_dns_record": [],
                "mac_address": "d0:0d:1a:37:68:36",
                "nat": true,
                "nat_dns_record": [],
                "nat_ip_address": "51.250.12.213",
                "nat_ip_version": "IPV4",
                "security_group_ids": [],
                "subnet_id": "e9b4jfp4785n5u5rf3l3"
              }
            ],
            "placement_policy": [
              {
                "host_affinity_rules": [],
                "placement_group_id": ""
              }
            ],
            "platform_id": "standard-v1",
            "resources": [
              {
                "core_fraction": 100,
                "cores": 4,
                "gpus": 0,
                "memory": 4
              }
            ],
            "scheduling_policy": [
              {
                "preemptible": false
              }
            ],
            "secondary_disk": [],
            "service_account_id": "",
            "status": "running",
            "timeouts": null,
            "zone": "ru-central1-a"
          },
          "sensitive_attributes": [],
          "private": "eyJlMmJmYjczMC1lY2FhLTExZTYtOGY4OC0zNDM2M2JjN2M0YzAiOnsiY3JlYXRlIjozMDAwMDAwMDAwMDAsImRlbGV0ZSI6MzAwMDAwMDAwMDAwLCJ1cGRhdGUiOjMwMDAwMDAwMDAwMH0sInNjaGVtYV92ZXJzaW9uIjoiMSJ9",
          "dependencies": [
            "yandex_vpc_network.network_terraform",
            "yandex_vpc_subnet.subnet_terraform"
          ]
        }
      ]
    },
    {
      "mode": "managed",
      "type": "yandex_iam_service_account",
      "name": "sa",
      "provider": "provider[\"registry.terraform.io/yandex-cloud/yandex\"]",
      "instances": [
        {
          "schema_version": 0,
          "attributes": {
            "created_at": "2023-06-02T05:29:06Z",
            "description": "",
            "folder_id": "b1gppd4nkf0vv6ldlbod",
            "id": "aje1ftu2pqr7prlukj8q",
            "name": "sa-debian",
            "timeouts": null
          },
          "sensitive_attributes": [],
          "private": "eyJlMmJmYjczMC1lY2FhLTExZTYtOGY4OC0zNDM2M2JjN2M0YzAiOnsiY3JlYXRlIjo2MDAwMDAwMDAwMCwiZGVsZXRlIjo2MDAwMDAwMDAwMCwidXBkYXRlIjo2MDAwMDAwMDAwMH19"
        }
      ]
    },
    {
      "mode": "managed",
      "type": "yandex_iam_service_account_static_access_key",
      "name": "sa-static-key",
      "provider": "provider[\"registry.terraform.io/yandex-cloud/yandex\"]",
      "instances": [
        {
          "schema_version": 0,
          "attributes": {
            "access_key": "YCAJED3ukYzhFyeleUi_TFS64",
            "created_at": "2023-06-02T05:29:07Z",
            "description": "Static access key for object storage",
            "encrypted_secret_key": null,
            "id": "ajeksd064mec9k4qoqid",
            "key_fingerprint": null,
            "pgp_key": null,
            "secret_key": "YCOkhv5tQMXTWkjTUmHVxu2VEoPNklNiOFCg3ngX",
            "service_account_id": "aje1ftu2pqr7prlukj8q"
          },
          "sensitive_attributes": [],
          "private": "bnVsbA==",
          "dependencies": [
            "yandex_iam_service_account.sa"
          ]
        }
      ]
    },
    {
      "mode": "managed",
      "type": "yandex_resourcemanager_folder_iam_member",
      "name": "sa-editor",
      "provider": "provider[\"registry.terraform.io/yandex-cloud/yandex\"]",
      "instances": [
        {
          "schema_version": 0,
          "attributes": {
            "folder_id": "b1gppd4nkf0vv6ldlbod",
            "id": "b1gppd4nkf0vv6ldlbod/storage.editor/serviceAccount:aje1ftu2pqr7prlukj8q",
            "member": "serviceAccount:aje1ftu2pqr7prlukj8q",
            "role": "storage.editor",
            "sleep_after": null
          },
          "sensitive_attributes": [],
          "private": "bnVsbA==",
          "dependencies": [
            "yandex_iam_service_account.sa"
          ]
        }
      ]
    },
    {
      "mode": "managed",
      "type": "yandex_storage_bucket",
      "name": "state",
      "provider": "provider[\"registry.terraform.io/yandex-cloud/yandex\"]",
      "instances": [
        {
          "schema_version": 0,
          "attributes": {
            "access_key": "YCAJED3ukYzhFyeleUi_TFS64",
            "acl": "private",
            "bucket": "tf-state-bucket-debian",
            "bucket_domain_name": "tf-state-bucket-debian.storage.yandexcloud.net",
            "bucket_prefix": null,
            "cors_rule": [],
            "force_destroy": false,
            "grant": [],
            "id": "tf-state-bucket-debian",
            "lifecycle_rule": [],
            "logging": [],
            "policy": null,
            "secret_key": "YCOkhv5tQMXTWkjTUmHVxu2VEoPNklNiOFCg3ngX",
            "server_side_encryption_configuration": [],
            "versioning": [
              {
                "enabled": false
              }
            ],
            "website": [],
            "website_domain": null,
            "website_endpoint": null
          },
          "sensitive_attributes": [
            [
              {
                "type": "get_attr",
                "value": "secret_key"
              }
            ]
          ],
          "private": "bnVsbA==",
          "dependencies": [
            "yandex_iam_service_account.sa",
            "yandex_iam_service_account_static_access_key.sa-static-key"
          ]
        }
      ]
    },
    {
      "mode": "managed",
      "type": "yandex_vpc_network",
      "name": "network_terraform",
      "provider": "provider[\"registry.terraform.io/yandex-cloud/yandex\"]",
      "instances": [
        {
          "schema_version": 0,
          "attributes": {
            "created_at": "2023-06-02T05:29:05Z",
            "default_security_group_id": "",
            "description": "",
            "folder_id": "b1gppd4nkf0vv6ldlbod",
            "id": "enp65m6vpoq36c5u0eoc",
            "labels": {},
            "name": "network_terraform",
            "subnet_ids": [],
            "timeouts": null
          },
          "sensitive_attributes": [],
          "private": "eyJlMmJmYjczMC1lY2FhLTExZTYtOGY4OC0zNDM2M2JjN2M0YzAiOnsiY3JlYXRlIjo2MDAwMDAwMDAwMCwiZGVsZXRlIjo2MDAwMDAwMDAwMCwidXBkYXRlIjo2MDAwMDAwMDAwMH19"
        }
      ]
    },
    {
      "mode": "managed",
      "type": "yandex_vpc_subnet",
      "name": "subnet_terraform",
      "provider": "provider[\"registry.terraform.io/yandex-cloud/yandex\"]",
      "instances": [
        {
          "schema_version": 0,
          "attributes": {
            "created_at": "2023-06-02T05:29:07Z",
            "description": "",
            "dhcp_options": [],
            "folder_id": "b1gppd4nkf0vv6ldlbod",
            "id": "e9b4jfp4785n5u5rf3l3",
            "labels": {},
            "name": "subnet_terraform",
            "network_id": "enp65m6vpoq36c5u0eoc",
            "route_table_id": "",
            "timeouts": null,
            "v4_cidr_blocks": [
              "192.168.15.0/24"
            ],
            "v6_cidr_blocks": [],
            "zone": "ru-central1-a"
          },
          "sensitive_attributes": [],
          "private": "eyJlMmJmYjczMC1lY2FhLTExZTYtOGY4OC0zNDM2M2JjN2M0YzAiOnsiY3JlYXRlIjoxODAwMDAwMDAwMDAsImRlbGV0ZSI6MTgwMDAwMDAwMDAwLCJ1cGRhdGUiOjE4MDAwMDAwMDAwMH19",
          "dependencies": [
            "yandex_vpc_network.network_terraform"
          ]
        }
      ]
    }
  ],
  "check_results": null
}
